
Microsoft Visual Studio Solution File, Format Version 12.00
# Visual Studio Version 17
VisualStudioVersion = 17.9.34616.47
MinimumVisualStudioVersion = 10.0.40219.1
Project("{FAE04EC0-301F-11D3-BF4B-00C04F79EFBC}") = "Miproyecto2", "Miproyecto2\Miproyecto2.csproj", "{2E3BECE1-3BDB-4FAE-B291-C6F9CB521548}"
EndProject
Global
	GlobalSection(SolutionConfigurationPlatforms) = preSolution
		Debug|Any CPU = Debug|Any CPU
		Release|Any CPU = Release|Any CPU
	EndGlobalSection
	GlobalSection(ProjectConfigurationPlatforms) = postSolution
		{2E3BECE1-3BDB-4FAE-B291-C6F9CB521548}.Debug|Any CPU.ActiveCfg = Debug|Any CPU
		{2E3BECE1-3BDB-4FAE-B291-C6F9CB521548}.Debug|Any CPU.Build.0 = Debug|Any CPU
		{2E3BECE1-3BDB-4FAE-B291-C6F9CB521548}.Release|Any CPU.ActiveCfg = Release|Any CPU
		{2E3BECE1-3BDB-4FAE-B291-C6F9CB521548}.Release|Any CPU.Build.0 = Release|Any CPU
	EndGlobalSection
	GlobalSection(SolutionProperties) = preSolution
		HideSolutionNode = FALSE
	EndGlobalSection
	GlobalSection(ExtensibilityGlobals) = postSolution
		SolutionGuid = {D3078E6D-EDEF-4E0A-9309-A0DAF7CF0FD8}
	EndGlobalSection
EndGlobal
